
Microsoft Visual Studio Solution File, Format Version 12.00
# Visual Studio Version 17
VisualStudioVersion = 17.5.33414.496
MinimumVisualStudioVersion = 10.0.40219.1
Project("{9A19103F-16F7-4668-BE54-9A1E7A4F7556}") = "checkup", "checkup.csproj", "{C64F1B8E-EF23-48CA-9886-61FFBD62346C}"
EndProject
Global
	GlobalSection(SolutionConfigurationPlatforms) = preSolution
		Debug|Any CPU = Debug|Any CPU
		Release|Any CPU = Release|Any CPU
	EndGlobalSection
	GlobalSection(ProjectConfigurationPlatforms) = postSolution
		{C64F1B8E-EF23-48CA-9886-61FFBD62346C}.Debug|Any CPU.ActiveCfg = Debug|Any CPU
		{C64F1B8E-EF23-48CA-9886-61FFBD62346C}.Debug|Any CPU.Build.0 = Debug|Any CPU
		{C64F1B8E-EF23-48CA-9886-61FFBD62346C}.Release|Any CPU.ActiveCfg = Release|Any CPU
		{C64F1B8E-EF23-48CA-9886-61FFBD62346C}.Release|Any CPU.Build.0 = Release|Any CPU
	EndGlobalSection
	GlobalSection(SolutionProperties) = preSolution
		HideSolutionNode = FALSE
	EndGlobalSection
	GlobalSection(ExtensibilityGlobals) = postSolution
		SolutionGuid = {ABC8B2A7-82C1-48B2-855B-004965529DD0}
	EndGlobalSection
EndGlobal
